
Microsoft Visual Studio Solution File, Format Version 12.00
# Visual Studio Version 17
VisualStudioVersion = 17.5.33502.453
MinimumVisualStudioVersion = 10.0.40219.1
Project("{FAE04EC0-301F-11D3-BF4B-00C04F79EFBC}") = "TestConnectDB", "TestConnectDB.csproj", "{931C3403-89E7-476B-8973-5183ACD7EEC7}"
EndProject
Global
	GlobalSection(SolutionConfigurationPlatforms) = preSolution
		Debug|Any CPU = Debug|Any CPU
		Release|Any CPU = Release|Any CPU
	EndGlobalSection
	GlobalSection(ProjectConfigurationPlatforms) = postSolution
		{931C3403-89E7-476B-8973-5183ACD7EEC7}.Debug|Any CPU.ActiveCfg = Debug|Any CPU
		{931C3403-89E7-476B-8973-5183ACD7EEC7}.Debug|Any CPU.Build.0 = Debug|Any CPU
		{931C3403-89E7-476B-8973-5183ACD7EEC7}.Release|Any CPU.ActiveCfg = Release|Any CPU
		{931C3403-89E7-476B-8973-5183ACD7EEC7}.Release|Any CPU.Build.0 = Release|Any CPU
	EndGlobalSection
	GlobalSection(SolutionProperties) = preSolution
		HideSolutionNode = FALSE
	EndGlobalSection
	GlobalSection(ExtensibilityGlobals) = postSolution
		SolutionGuid = {3F004C6F-6979-4B4F-864B-C250D947BD3E}
	EndGlobalSection
EndGlobal
